version = 1
revision = 3
requires-python = "==3.11.*"

[[package]]
name = "base58"
version = "2.1.1"
source = { registry = "https://pypi.org/simple" }
sdist = { url = "https://files.pythonhosted.org/packages/7f/45/8ae61209bb9015f516102fa559a2914178da1d5868428bd86a1b4421141d/base58-2.1.1.tar.gz", hash = "sha256:c5d0cb3f5b6e81e8e35da5754388ddcc6d0d14b6c6a132cb93d69ed580a7278c", size = 6528, upload-time = "2021-10-30T22:12:17.858Z" }
wheels = [
    { url = "https://files.pythonhosted.org/packages/4a/45/ec96b29162a402fc4c1c5512d114d7b3787b9d1c2ec241d9568b4816ee23/base58-2.1.1-py3-none-any.whl", hash = "sha256:11a36f4d3ce51dfc1043f3218591ac4eb1ceb172919cebe05b52a5bcc8d245c2", size = 5621, upload-time = "2021-10-30T22:12:16.658Z" },
]

[[package]]
name = "cffi"
version = "2.0.0"
source = { registry = "https://pypi.org/simple" }
dependencies = [
    { name = "pycparser", marker = "implementation_name != 'PyPy'" },
]
sdist = { url = "https://files.pythonhosted.org/packages/eb/56/b1ba7935a17738ae8453301356628e8147c79dbb825bcbc73dc7401f9846/cffi-2.0.0.tar.gz", hash = "sha256:44d1b5909021139fe36001ae048dbdde8214afa20200eda0f64c068cac5d5529", size = 523588, upload-time = "2025-09-08T23:24:04.541Z" }
wheels = [
    { url = "https://files.pythonhosted.org/packages/12/4a/3dfd5f7850cbf0d06dc84ba9aa00db766b52ca38d8b86e3a38314d52498c/cffi-2.0.0-cp311-cp311-macosx_10_13_x86_64.whl", hash = "sha256:b4c854ef3adc177950a8dfc81a86f5115d2abd545751a304c5bcf2c2c7283cfe", size = 184344, upload-time = "2025-09-08T23:22:26.456Z" },
    { url = "https://files.pythonhosted.org/packages/4f/8b/f0e4c441227ba756aafbe78f117485b25bb26b1c059d01f137fa6d14896b/cffi-2.0.0-cp311-cp311-macosx_11_0_arm64.whl", hash = "sha256:2de9a304e27f7596cd03d16f1b7c72219bd944e99cc52b84d0145aefb07cbd3c", size = 180560, upload-time = "2025-09-08T23:22:28.197Z" },
    { url = "https://files.pythonhosted.org/packages/b1/b7/1200d354378ef52ec227395d95c2576330fd22a869f7a70e88e1447eb234/cffi-2.0.0-cp311-cp311-manylinux1_i686.manylinux2014_i686.manylinux_2_17_i686.manylinux_2_5_i686.whl", hash = "sha256:baf5215e0ab74c16e2dd324e8ec067ef59e41125d3eade2b863d294fd5035c92", size = 209613, upload-time = "2025-09-08T23:22:29.475Z" },
    { url = "https://files.pythonhosted.org/packages/b8/56/6033f5e86e8cc9bb629f0077ba71679508bdf54a9a5e112a3c0b91870332/cffi-2.0.0-cp311-cp311-manylinux2014_aarch64.manylinux_2_17_aarch64.whl", hash = "sha256:730cacb21e1bdff3ce90babf007d0a0917cc3e6492f336c2f0134101e0944f93", size = 216476, upload-time = "2025-09-08T23:22:31.063Z" },
    { url = "https://files.pythonhosted.org/packages/dc/7f/55fecd70f7ece178db2f26128ec41430d8720f2d12ca97bf8f0a628207d5/cffi-2.0.0-cp311-cp311-manylinux2014_ppc64le.manylinux_2_17_ppc64le.whl", hash = "sha256:6824f87845e3396029f3820c206e459ccc91760e8fa24422f8b0c3d1731cbec5", size = 203374, upload-time = "2025-09-08T23:22:32.507Z" },
    { url = "https://files.pythonhosted.org/packages/84/ef/a7b77c8bdc0f77adc3b46888f1ad54be8f3b7821697a7b89126e829e676a/cffi-2.0.0-cp311-cp311-manylinux2014_s390x.manylinux_2_17_s390x.whl", hash = "sha256:9de40a7b0323d889cf8d23d1ef214f565ab154443c42737dfe52ff82cf857664", size = 202597, upload-time = "2025-09-08T23:22:34.132Z" },
    { url = "https://files.pythonhosted.org/packages/d7/91/500d892b2bf36529a75b77958edfcd5ad8e2ce4064ce2ecfeab2125d72d1/cffi-2.0.0-cp311-cp311-manylinux2014_x86_64.manylinux_2_17_x86_64.whl", hash = "sha256:8941aaadaf67246224cee8c3803777eed332a19d909b47e29c9842ef1e79ac26", size = 215574, upload-time = "2025-09-08T23:22:35.443Z" },
    { url = "https://files.pythonhosted.org/packages/44/64/58f6255b62b101093d5df22dcb752596066c7e89dd725e0afaed242a61be/cffi-2.0.0-cp311-cp311-musllinux_1_2_aarch64.whl", hash = "sha256:a05d0c237b3349096d3981b727493e22147f934b20f6f125a3eba8f994bec4a9", size = 218971, upload-time = "2025-09-08T23:22:36.805Z" },
    { url = "https://files.pythonhosted.org/packages/ab/49/fa72cebe2fd8a55fbe14956f9970fe8eb1ac59e5df042f603ef7c8ba0adc/cffi-2.0.0-cp311-cp311-musllinux_1_2_i686.whl", hash = "sha256:94698a9c5f91f9d138526b48fe26a199609544591f859c870d477351dc7b2414", size = 211972, upload-time = "2025-09-08T23:22:38.436Z" },
    { url = "https://files.pythonhosted.org/packages/0b/28/dd0967a76aab36731b6ebfe64dec4e981aff7e0608f60c2d46b46982607d/cffi-2.0.0-cp311-cp311-musllinux_1_2_x86_64.whl", hash = "sha256:5fed36fccc0612a53f1d4d9a816b50a36702c28a2aa880cb8a122b3466638743", size = 217078, upload-time = "2025-09-08T23:22:39.776Z" },
    { url = "https://files.pythonhosted.org/packages/2b/c0/015b25184413d7ab0a410775fdb4a50fca20f5589b5dab1dbbfa3baad8ce/cffi-2.0.0-cp311-cp311-win32.whl", hash = "sha256:c649e3a33450ec82378822b3dad03cc228b8f5963c0c12fc3b1e0ab940f768a5", size = 172076, upload-time = "2025-09-08T23:22:40.95Z" },
    { url = "https://files.pythonhosted.org/packages/ae/8f/dc5531155e7070361eb1b7e4c1a9d896d0cb21c49f807a6c03fd63fc877e/cffi-2.0.0-cp311-cp311-win_amd64.whl", hash = "sha256:66f011380d0e49ed280c789fbd08ff0d40968ee7b665575489afa95c98196ab5", size = 182820, upload-time = "2025-09-08T23:22:42.463Z" },
    { url = "https://files.pythonhosted.org/packages/95/5c/1b493356429f9aecfd56bc171285a4c4ac8697f76e9bbbbb105e537853a1/cffi-2.0.0-cp311-cp311-win_arm64.whl", hash = "sha256:c6638687455baf640e37344fe26d37c404db8b80d037c3d29f58fe8d1c3b194d", size = 177635, upload-time = "2025-09-08T23:22:43.623Z" },
]

[[package]]
name = "grpcio"
version = "1.80.0"
source = { registry = "https://pypi.org/simple" }
dependencies = [
    { name = "typing-extensions" },
]
sdist = { url = "https://files.pythonhosted.org/packages/b7/48/af6173dbca4454f4637a4678b67f52ca7e0c1ed7d5894d89d434fecede05/grpcio-1.80.0.tar.gz", hash = "sha256:29aca15edd0688c22ba01d7cc01cb000d72b2033f4a3c72a81a19b56fd143257", size = 12978905, upload-time = "2026-03-30T08:49:10.502Z" }
wheels = [
    { url = "https://files.pythonhosted.org/packages/5d/db/1d56e5f5823257b291962d6c0ce106146c6447f405b60b234c4f222a7cde/grpcio-1.80.0-cp311-cp311-linux_armv7l.whl", hash = "sha256:dfab85db094068ff42e2a3563f60ab3dddcc9d6488a35abf0132daec13209c8a", size = 6055009, upload-time = "2026-03-30T08:46:46.265Z" },
    { url = "https://files.pythonhosted.org/packages/6e/18/c83f3cad64c5ca63bca7e91e5e46b0d026afc5af9d0a9972472ceba294b3/grpcio-1.80.0-cp311-cp311-macosx_11_0_universal2.whl", hash = "sha256:5c07e82e822e1161354e32da2662f741a4944ea955f9f580ec8fb409dd6f6060", size = 12035295, upload-time = "2026-03-30T08:46:49.099Z" },
    { url = "https://files.pythonhosted.org/packages/0f/8e/e14966b435be2dda99fbe89db9525ea436edc79780431a1c2875a3582644/grpcio-1.80.0-cp311-cp311-manylinux2014_aarch64.manylinux_2_17_aarch64.whl", hash = "sha256:ba0915d51fd4ced2db5ff719f84e270afe0e2d4c45a7bdb1e8d036e4502928c2", size = 6610297, upload-time = "2026-03-30T08:46:52.123Z" },
    { url = "https://files.pythonhosted.org/packages/cc/26/d5eb38f42ce0e3fdc8174ea4d52036ef8d58cc4426cb800f2610f625dd75/grpcio-1.80.0-cp311-cp311-manylinux2014_i686.manylinux_2_17_i686.whl", hash = "sha256:3cb8130ba457d2aa09fa6b7c3ed6b6e4e6a2685fce63cb803d479576c4d80e21", size = 7300208, upload-time = "2026-03-30T08:46:54.859Z" },
    { url = "https://files.pythonhosted.org/packages/25/51/bd267c989f85a17a5b3eea65a6feb4ff672af41ca614e5a0279cc0ea381c/grpcio-1.80.0-cp311-cp311-manylinux2014_x86_64.manylinux_2_17_x86_64.whl", hash = "sha256:09e5e478b3d14afd23f12e49e8b44c8684ac3c5f08561c43a5b9691c54d136ab", size = 6813442, upload-time = "2026-03-30T08:46:57.056Z" },
    { url = "https://files.pythonhosted.org/packages/9e/d9/d80eef735b19e9169e30164bbf889b46f9df9127598a83d174eb13a48b26/grpcio-1.80.0-cp311-cp311-musllinux_1_2_aarch64.whl", hash = "sha256:00168469238b022500e486c1c33916acf2f2a9b2c022202cf8a1885d2e3073c1", size = 7414743, upload-time = "2026-03-30T08:46:59.682Z" },
    { url = "https://files.pythonhosted.org/packages/de/f2/567f5bd5054398ed6b0509b9a30900376dcf2786bd936812098808b49d8d/grpcio-1.80.0-cp311-cp311-musllinux_1_2_i686.whl", hash = "sha256:8502122a3cc1714038e39a0b071acb1207ca7844208d5ea0d091317555ee7106", size = 8426046, upload-time = "2026-03-30T08:47:02.474Z" },
    { url = "https://files.pythonhosted.org/packages/62/29/73ef0141b4732ff5eacd68430ff2512a65c004696997f70476a83e548e7e/grpcio-1.80.0-cp311-cp311-musllinux_1_2_x86_64.whl", hash = "sha256:ce1794f4ea6cc3ca29463f42d665c32ba1b964b48958a66497917fe9069f26e6", size = 7851641, upload-time = "2026-03-30T08:47:05.462Z" },
    { url = "https://files.pythonhosted.org/packages/46/69/abbfa360eb229a8623bab5f5a4f8105e445bd38ce81a89514ba55d281ad0/grpcio-1.80.0-cp311-cp311-win32.whl", hash = "sha256:51b4a7189b0bef2aa30adce3c78f09c83526cf3dddb24c6a96555e3b97340440", size = 4154368, upload-time = "2026-03-30T08:47:08.027Z" },
    { url = "https://files.pythonhosted.org/packages/6f/d4/ae92206d01183b08613e846076115f5ac5991bae358d2a749fa864da5699/grpcio-1.80.0-cp311-cp311-win_amd64.whl", hash = "sha256:02e64bb0bb2da14d947a49e6f120a75e947250aebe65f9629b62bb1f5c14e6e9", size = 4894235, upload-time = "2026-03-30T08:47:10.839Z" },
]

[[package]]
name = "protobuf"
version = "7.34.1"
source = { registry = "https://pypi.org/simple" }
sdist = { url = "https://files.pythonhosted.org/packages/6b/6b/a0e95cad1ad7cc3f2c6821fcab91671bd5b78bd42afb357bb4765f29bc41/protobuf-7.34.1.tar.gz", hash = "sha256:9ce42245e704cc5027be797c1db1eb93184d44d1cdd71811fb2d9b25ad541280", size = 454708, upload-time = "2026-03-20T17:34:47.036Z" }
wheels = [
    { url = "https://files.pythonhosted.org/packages/ec/11/3325d41e6ee15bf1125654301211247b042563bcc898784351252549a8ad/protobuf-7.34.1-cp310-abi3-macosx_10_9_universal2.whl", hash = "sha256:d8b2cc79c4d8f62b293ad9b11ec3aebce9af481fa73e64556969f7345ebf9fc7", size = 429247, upload-time = "2026-03-20T17:34:37.024Z" },
    { url = "https://files.pythonhosted.org/packages/eb/9d/aa69df2724ff63efa6f72307b483ce0827f4347cc6d6df24b59e26659fef/protobuf-7.34.1-cp310-abi3-manylinux2014_aarch64.whl", hash = "sha256:5185e0e948d07abe94bb76ec9b8416b604cfe5da6f871d67aad30cbf24c3110b", size = 325753, upload-time = "2026-03-20T17:34:38.751Z" },
    { url = "https://files.pythonhosted.org/packages/92/e8/d174c91fd48e50101943f042b09af9029064810b734e4160bbe282fa1caa/protobuf-7.34.1-cp310-abi3-manylinux2014_s390x.whl", hash = "sha256:403b093a6e28a960372b44e5eb081775c9b056e816a8029c61231743d63f881a", size = 340198, upload-time = "2026-03-20T17:34:39.871Z" },
    { url = "https://files.pythonhosted.org/packages/53/1b/3b431694a4dc6d37b9f653f0c64b0a0d9ec074ee810710c0c3da21d67ba7/protobuf-7.34.1-cp310-abi3-manylinux2014_x86_64.whl", hash = "sha256:8ff40ce8cd688f7265326b38d5a1bed9bfdf5e6723d49961432f83e21d5713e4", size = 324267, upload-time = "2026-03-20T17:34:41.1Z" },
    { url = "https://files.pythonhosted.org/packages/85/29/64de04a0ac142fb685fd09999bc3d337943fb386f3a0ec57f92fd8203f97/protobuf-7.34.1-cp310-abi3-win32.whl", hash = "sha256:34b84ce27680df7cca9f231043ada0daa55d0c44a2ddfaa58ec1d0d89d8bf60a", size = 426628, upload-time = "2026-03-20T17:34:42.536Z" },
    { url = "https://files.pythonhosted.org/packages/4d/87/cb5e585192a22b8bd457df5a2c16a75ea0db9674c3a0a39fc9347d84e075/protobuf-7.34.1-cp310-abi3-win_amd64.whl", hash = "sha256:e97b55646e6ce5cbb0954a8c28cd39a5869b59090dfaa7df4598a7fba869468c", size = 437901, upload-time = "2026-03-20T17:34:44.112Z" },
    { url = "https://files.pythonhosted.org/packages/88/95/608f665226bca68b736b79e457fded9a2a38c4f4379a4a7614303d9db3bc/protobuf-7.34.1-py3-none-any.whl", hash = "sha256:bb3812cd53aefea2b028ef42bd780f5b96407247f20c6ef7c679807e9d188f11", size = 170715, upload-time = "2026-03-20T17:34:45.384Z" },
]

[[package]]
name = "pycparser"
version = "3.0"
source = { registry = "https://pypi.org/simple" }
sdist = { url = "https://files.pythonhosted.org/packages/1b/7d/92392ff7815c21062bea51aa7b87d45576f649f16458d78b7cf94b9ab2e6/pycparser-3.0.tar.gz", hash = "sha256:600f49d217304a5902ac3c37e1281c9fe94e4d0489de643a9504c5cdfdfc6b29", size = 103492, upload-time = "2026-01-21T14:26:51.89Z" }
wheels = [
    { url = "https://files.pythonhosted.org/packages/0c/c3/44f3fbbfa403ea2a7c779186dc20772604442dde72947e7d01069cbe98e3/pycparser-3.0-py3-none-any.whl", hash = "sha256:b727414169a36b7d524c1c3e31839a521725078d7b2ff038656844266160a992", size = 48172, upload-time = "2026-01-21T14:26:50.693Z" },
]

[[package]]
name = "pyzmq"
version = "27.1.0"
source = { registry = "https://pypi.org/simple" }
dependencies = [
    { name = "cffi", marker = "implementation_name == 'pypy'" },
]
sdist = { url = "https://files.pythonhosted.org/packages/04/0b/3c9baedbdf613ecaa7aa07027780b8867f57b6293b6ee50de316c9f3222b/pyzmq-27.1.0.tar.gz", hash = "sha256:ac0765e3d44455adb6ddbf4417dcce460fc40a05978c08efdf2948072f6db540", size = 281750, upload-time = "2025-09-08T23:10:18.157Z" }
wheels = [
    { url = "https://files.pythonhosted.org/packages/06/5d/305323ba86b284e6fcb0d842d6adaa2999035f70f8c38a9b6d21ad28c3d4/pyzmq-27.1.0-cp311-cp311-macosx_10_15_universal2.whl", hash = "sha256:226b091818d461a3bef763805e75685e478ac17e9008f49fce2d3e52b3d58b86", size = 1333328, upload-time = "2025-09-08T23:07:45.946Z" },
    { url = "https://files.pythonhosted.org/packages/bd/a0/fc7e78a23748ad5443ac3275943457e8452da67fda347e05260261108cbc/pyzmq-27.1.0-cp311-cp311-manylinux2014_i686.manylinux_2_17_i686.whl", hash = "sha256:0790a0161c281ca9723f804871b4027f2e8b5a528d357c8952d08cd1a9c15581", size = 908803, upload-time = "2025-09-08T23:07:47.551Z" },
    { url = "https://files.pythonhosted.org/packages/7e/22/37d15eb05f3bdfa4abea6f6d96eb3bb58585fbd3e4e0ded4e743bc650c97/pyzmq-27.1.0-cp311-cp311-manylinux_2_26_aarch64.manylinux_2_28_aarch64.whl", hash = "sha256:c895a6f35476b0c3a54e3eb6ccf41bf3018de937016e6e18748317f25d4e925f", size = 668836, upload-time = "2025-09-08T23:07:49.436Z" },
    { url = "https://files.pythonhosted.org/packages/b1/c4/2a6fe5111a01005fc7af3878259ce17684fabb8852815eda6225620f3c59/pyzmq-27.1.0-cp311-cp311-manylinux_2_26_x86_64.manylinux_2_28_x86_64.whl", hash = "sha256:5bbf8d3630bf96550b3be8e1fc0fea5cbdc8d5466c1192887bd94869da17a63e", size = 857038, upload-time = "2025-09-08T23:07:51.234Z" },
    { url = "https://files.pythonhosted.org/packages/cb/eb/bfdcb41d0db9cd233d6fb22dc131583774135505ada800ebf14dfb0a7c40/pyzmq-27.1.0-cp311-cp311-musllinux_1_2_aarch64.whl", hash = "sha256:15c8bd0fe0dabf808e2d7a681398c4e5ded70a551ab47482067a572c054c8e2e", size = 1657531, upload-time = "2025-09-08T23:07:52.795Z" },
    { url = "https://files.pythonhosted.org/packages/ab/21/e3180ca269ed4a0de5c34417dfe71a8ae80421198be83ee619a8a485b0c7/pyzmq-27.1.0-cp311-cp311-musllinux_1_2_i686.whl", hash = "sha256:bafcb3dd171b4ae9f19ee6380dfc71ce0390fefaf26b504c0e5f628d7c8c54f2", size = 2034786, upload-time = "2025-09-08T23:07:55.047Z" },
    { url = "https://files.pythonhosted.org/packages/3b/b1/5e21d0b517434b7f33588ff76c177c5a167858cc38ef740608898cd329f2/pyzmq-27.1.0-cp311-cp311-musllinux_1_2_x86_64.whl", hash = "sha256:e829529fcaa09937189178115c49c504e69289abd39967cd8a4c215761373394", size = 1894220, upload-time = "2025-09-08T23:07:57.172Z" },
    { url = "https://files.pythonhosted.org/packages/03/f2/44913a6ff6941905efc24a1acf3d3cb6146b636c546c7406c38c49c403d4/pyzmq-27.1.0-cp311-cp311-win32.whl", hash = "sha256:6df079c47d5902af6db298ec92151db82ecb557af663098b92f2508c398bb54f", size = 567155, upload-time = "2025-09-08T23:07:59.05Z" },
    { url = "https://files.pythonhosted.org/packages/23/6d/d8d92a0eb270a925c9b4dd039c0b4dc10abc2fcbc48331788824ef113935/pyzmq-27.1.0-cp311-cp311-win_amd64.whl", hash = "sha256:190cbf120fbc0fc4957b56866830def56628934a9d112aec0e2507aa6a032b97", size = 633428, upload-time = "2025-09-08T23:08:00.663Z" },
    { url = "https://files.pythonhosted.org/packages/ae/14/01afebc96c5abbbd713ecfc7469cfb1bc801c819a74ed5c9fad9a48801cb/pyzmq-27.1.0-cp311-cp311-win_arm64.whl", hash = "sha256:eca6b47df11a132d1745eb3b5b5e557a7dae2c303277aa0e69c6ba91b8736e07", size = 559497, upload-time = "2025-09-08T23:08:02.15Z" },
    { url = "https://files.pythonhosted.org/packages/92/e7/038aab64a946d535901103da16b953c8c9cc9c961dadcbf3609ed6428d23/pyzmq-27.1.0-cp312-abi3-macosx_10_15_universal2.whl", hash = "sha256:452631b640340c928fa343801b0d07eb0c3789a5ffa843f6e1a9cee0ba4eb4fc", size = 1306279, upload-time = "2025-09-08T23:08:03.807Z" },
    { url = "https://files.pythonhosted.org/packages/e8/5e/c3c49fdd0f535ef45eefcc16934648e9e59dace4a37ee88fc53f6cd8e641/pyzmq-27.1.0-cp312-abi3-manylinux2014_i686.manylinux_2_17_i686.whl", hash = "sha256:1c179799b118e554b66da67d88ed66cd37a169f1f23b5d9f0a231b4e8d44a113", size = 895645, upload-time = "2025-09-08T23:08:05.301Z" },
    { url = "https://files.pythonhosted.org/packages/f8/e5/b0b2504cb4e903a74dcf1ebae157f9e20ebb6ea76095f6cfffea28c42ecd/pyzmq-27.1.0-cp312-abi3-manylinux_2_26_aarch64.manylinux_2_28_aarch64.whl", hash = "sha256:3837439b7f99e60312f0c926a6ad437b067356dc2bc2ec96eb395fd0fe804233", size = 652574, upload-time = "2025-09-08T23:08:06.828Z" },
    { url = "https://files.pythonhosted.org/packages/f8/9b/c108cdb55560eaf253f0cbdb61b29971e9fb34d9c3499b0e96e4e60ed8a5/pyzmq-27.1.0-cp312-abi3-manylinux_2_26_x86_64.manylinux_2_28_x86_64.whl", hash = "sha256:43ad9a73e3da1fab5b0e7e13402f0b2fb934ae1c876c51d0afff0e7c052eca31", size = 840995, upload-time = "2025-09-08T23:08:08.396Z" },
    { url = "https://files.pythonhosted.org/packages/c2/bb/b79798ca177b9eb0825b4c9998c6af8cd2a7f15a6a1a4272c1d1a21d382f/pyzmq-27.1.0-cp312-abi3-musllinux_1_2_aarch64.whl", hash = "sha256:0de3028d69d4cdc475bfe47a6128eb38d8bc0e8f4d69646adfbcd840facbac28", size = 1642070, upload-time = "2025-09-08T23:08:09.989Z" },
    { url = "https://files.pythonhosted.org/packages/9c/80/2df2e7977c4ede24c79ae39dcef3899bfc5f34d1ca7a5b24f182c9b7a9ca/pyzmq-27.1.0-cp312-abi3-musllinux_1_2_i686.whl", hash = "sha256:cf44a7763aea9298c0aa7dbf859f87ed7012de8bda0f3977b6fb1d96745df856", size = 2021121, upload-time = "2025-09-08T23:08:11.907Z" },
    { url = "https://files.pythonhosted.org/packages/46/bd/2d45ad24f5f5ae7e8d01525eb76786fa7557136555cac7d929880519e33a/pyzmq-27.1.0-cp312-abi3-musllinux_1_2_x86_64.whl", hash = "sha256:f30f395a9e6fbca195400ce833c731e7b64c3919aa481af4d88c3759e0cb7496", size = 1878550, upload-time = "2025-09-08T23:08:13.513Z" },
    { url = "https://files.pythonhosted.org/packages/e6/2f/104c0a3c778d7c2ab8190e9db4f62f0b6957b53c9d87db77c284b69f33ea/pyzmq-27.1.0-cp312-abi3-win32.whl", hash = "sha256:250e5436a4ba13885494412b3da5d518cd0d3a278a1ae640e113c073a5f88edd", size = 559184, upload-time = "2025-09-08T23:08:15.163Z" },
    { url = "https://files.pythonhosted.org/packages/fc/7f/a21b20d577e4100c6a41795842028235998a643b1ad406a6d4163ea8f53e/pyzmq-27.1.0-cp312-abi3-win_amd64.whl", hash = "sha256:9ce490cf1d2ca2ad84733aa1d69ce6855372cb5ce9223802450c9b2a7cba0ccf", size = 619480, upload-time = "2025-09-08T23:08:17.192Z" },
    { url = "https://files.pythonhosted.org/packages/78/c2/c012beae5f76b72f007a9e91ee9401cb88c51d0f83c6257a03e785c81cc2/pyzmq-27.1.0-cp312-abi3-win_arm64.whl", hash = "sha256:75a2f36223f0d535a0c919e23615fc85a1e23b71f40c7eb43d7b1dedb4d8f15f", size = 552993, upload-time = "2025-09-08T23:08:18.926Z" },
    { url = "https://files.pythonhosted.org/packages/4c/c6/c4dcdecdbaa70969ee1fdced6d7b8f60cfabe64d25361f27ac4665a70620/pyzmq-27.1.0-pp311-pypy311_pp73-macosx_10_15_x86_64.whl", hash = "sha256:18770c8d3563715387139060d37859c02ce40718d1faf299abddcdcc6a649066", size = 836265, upload-time = "2025-09-08T23:09:49.376Z" },
    { url = "https://files.pythonhosted.org/packages/3e/79/f38c92eeaeb03a2ccc2ba9866f0439593bb08c5e3b714ac1d553e5c96e25/pyzmq-27.1.0-pp311-pypy311_pp73-manylinux2014_i686.manylinux_2_17_i686.whl", hash = "sha256:ac25465d42f92e990f8d8b0546b01c391ad431c3bf447683fdc40565941d0604", size = 800208, upload-time = "2025-09-08T23:09:51.073Z" },
    { url = "https://files.pythonhosted.org/packages/49/0e/3f0d0d335c6b3abb9b7b723776d0b21fa7f3a6c819a0db6097059aada160/pyzmq-27.1.0-pp311-pypy311_pp73-manylinux_2_26_aarch64.manylinux_2_28_aarch64.whl", hash = "sha256:53b40f8ae006f2734ee7608d59ed661419f087521edbfc2149c3932e9c14808c", size = 567747, upload-time = "2025-09-08T23:09:52.698Z" },
    { url = "https://files.pythonhosted.org/packages/a1/cf/f2b3784d536250ffd4be70e049f3b60981235d70c6e8ce7e3ef21e1adb25/pyzmq-27.1.0-pp311-pypy311_pp73-manylinux_2_26_x86_64.manylinux_2_28_x86_64.whl", hash = "sha256:f605d884e7c8be8fe1aa94e0a783bf3f591b84c24e4bc4f3e7564c82ac25e271", size = 747371, upload-time = "2025-09-08T23:09:54.563Z" },
    { url = "https://files.pythonhosted.org/packages/01/1b/5dbe84eefc86f48473947e2f41711aded97eecef1231f4558f1f02713c12/pyzmq-27.1.0-pp311-pypy311_pp73-win_amd64.whl", hash = "sha256:c9f7f6e13dff2e44a6afeaf2cf54cee5929ad64afaf4d40b50f93c58fc687355", size = 544862, upload-time = "2025-09-08T23:09:56.509Z" },
]

[[package]]
name = "toml"
version = "0.10.2"
source = { registry = "https://pypi.org/simple" }
sdist = { url = "https://files.pythonhosted.org/packages/be/ba/1f744cdc819428fc6b5084ec34d9b30660f6f9daaf70eead706e3203ec3c/toml-0.10.2.tar.gz", hash = "sha256:b3bda1d108d5dd99f4a20d24d9c348e91c4db7ab1b749200bded2f839ccbe68f", size = 22253, upload-time = "2020-11-01T01:40:22.204Z" }
wheels = [
    { url = "https://files.pythonhosted.org/packages/44/6f/7120676b6d73228c96e17f1f794d8ab046fc910d781c8d151120c3f1569e/toml-0.10.2-py2.py3-none-any.whl", hash = "sha256:806143ae5bfb6a3c6e736a764057db0e6a0e05e338b5630894a5f779cabb4f9b", size = 16588, upload-time = "2020-11-01T01:40:20.672Z" },
]

[[package]]
name = "typing-extensions"
version = "4.15.0"
source = { registry = "https://pypi.org/simple" }
sdist = { url = "https://files.pythonhosted.org/packages/72/94/1a15dd82efb362ac84269196e94cf00f187f7ed21c242792a923cdb1c61f/typing_extensions-4.15.0.tar.gz", hash = "sha256:0cea48d173cc12fa28ecabc3b837ea3cf6f38c6d1136f85cbaaf598984861466", size = 109391, upload-time = "2025-08-25T13:49:26.313Z" }
wheels = [
    { url = "https://files.pythonhosted.org/packages/18/67/36e9267722cc04a6b9f15c7f3441c2363321a3ea07da7ae0c0707beb2a9c/typing_extensions-4.15.0-py3-none-any.whl", hash = "sha256:f0fa19c6845758ab08074a0cfa8b7aecb71c999ca73d62883bc25cc018c4e548", size = 44614, upload-time = "2025-08-25T13:49:24.86Z" },
]

[[package]]
name = "zcash-integration-tests"
version = "0.1.0"
source = { virtual = "." }
dependencies = [
    { name = "base58" },
    { name = "grpcio" },
    { name = "protobuf" },
    { name = "pyzmq" },
    { name = "toml" },
]

[package.metadata]
requires-dist = [
    { name = "base58" },
    { name = "grpcio", specifier = ">=1.80.0" },
    { name = "protobuf", specifier = ">=6.31.1" },
    { name = "pyzmq" },
    { name = "toml" },
]
